
Microsoft Visual Studio Solution File, Format Version 12.00
# Visual Studio Version 16
VisualStudioVersion = 16.0.28803.352
MinimumVisualStudioVersion = 10.0.40219.1
Project("{9A19103F-16F7-4668-BE54-9A1E7A4F7556}") = "PH.Core3.Common", "PH.Core3.Common\PH.Core3.Common.csproj", "{F0518112-3DEB-43BE-8592-AB2FD459BD7E}"
EndProject
Project("{2150E333-8FDC-42A3-9474-1A3956D46DE8}") = "Solution Items", "Solution Items", "{27CF4846-DF45-499B-9B87-6FC83D1F20EB}"
	ProjectSection(SolutionItems) = preProject
		..\.gitignore = ..\.gitignore
		Directory.Build.props = Directory.Build.props
		..\LICENSE = ..\LICENSE
		nuget_es_img.png = nuget_es_img.png
		..\README.md = ..\README.md
	EndProjectSection
EndProject
Project("{9A19103F-16F7-4668-BE54-9A1E7A4F7556}") = "PH.Core3.Common.Services", "PH.Core3.Common.Services\PH.Core3.Common.Services.csproj", "{4FE472A0-B7DA-4989-A684-06C35CB73880}"
EndProject
Project("{9A19103F-16F7-4668-BE54-9A1E7A4F7556}") = "PH.Core3.Common.Services.Components", "PH.Core3.Common.Services.Components\PH.Core3.Common.Services.Components.csproj", "{970E99A1-4276-41D1-B3A7-468A1E818ACC}"
EndProject
Project("{2150E333-8FDC-42A3-9474-1A3956D46DE8}") = "Testing", "Testing", "{047BB74E-4167-4AA1-A9B3-51EAF4DA4911}"
EndProject
Project("{9A19103F-16F7-4668-BE54-9A1E7A4F7556}") = "PH.Core3.XUnitTest", "PH.Core3.XUnitTest\PH.Core3.XUnitTest.csproj", "{A97CBDFA-E505-4112-8D33-C1C35C243E28}"
EndProject
Project("{9A19103F-16F7-4668-BE54-9A1E7A4F7556}") = "PH.Core3.TestContext", "PH.Core3.TestContext\PH.Core3.TestContext.csproj", "{066D87AF-F849-479A-A6EB-E90E186B2AB8}"
EndProject
Project("{9A19103F-16F7-4668-BE54-9A1E7A4F7556}") = "PH.Core3.AspNetCoreApi", "PH.Core3.AspNetCoreApi\PH.Core3.AspNetCoreApi.csproj", "{F5A6FDD8-E802-4A71-B403-F3A061BFC263}"
EndProject
Project("{9A19103F-16F7-4668-BE54-9A1E7A4F7556}") = "PH.Core3.Test.WebApp", "PH.Core3.Test.WebApp\PH.Core3.Test.WebApp.csproj", "{2CD19379-C9C9-47F9-99E8-E4F76601220C}"
EndProject
Project("{9A19103F-16F7-4668-BE54-9A1E7A4F7556}") = "PH.Core3.Test.CreateUser", "PH.Core3.Test.CreateUser\PH.Core3.Test.CreateUser.csproj", "{6EB2D1CA-1464-4086-8C4F-97FCCBFF0ED3}"
EndProject
Project("{2150E333-8FDC-42A3-9474-1A3956D46DE8}") = "BuildPackages", "BuildPackages", "{BA24B0B9-83C1-495D-954F-AC5877A9D297}"
	ProjectSection(SolutionItems) = preProject
		BuildPackages\BatchBuild.bat = BuildPackages\BatchBuild.bat
	EndProjectSection
EndProject
Project("{2150E333-8FDC-42A3-9474-1A3956D46DE8}") = "Entity Framework", "Entity Framework", "{F7C8DB15-E871-42FC-AC48-359ACB1BFB9B}"
EndProject
Project("{9A19103F-16F7-4668-BE54-9A1E7A4F7556}") = "PH.Core3.EntityFramework.Services.Components", "PH.Core3.EntityFramework.Services.Components\PH.Core3.EntityFramework.Services.Components.csproj", "{09002A0B-1BC6-49E2-B96F-8FFC2C7A2B4A}"
EndProject
Global
	GlobalSection(SolutionConfigurationPlatforms) = preSolution
		Debug|Any CPU = Debug|Any CPU
		Release|Any CPU = Release|Any CPU
	EndGlobalSection
	GlobalSection(ProjectConfigurationPlatforms) = postSolution
		{F0518112-3DEB-43BE-8592-AB2FD459BD7E}.Debug|Any CPU.ActiveCfg = Debug|Any CPU
		{F0518112-3DEB-43BE-8592-AB2FD459BD7E}.Debug|Any CPU.Build.0 = Debug|Any CPU
		{F0518112-3DEB-43BE-8592-AB2FD459BD7E}.Release|Any CPU.ActiveCfg = Release|Any CPU
		{F0518112-3DEB-43BE-8592-AB2FD459BD7E}.Release|Any CPU.Build.0 = Release|Any CPU
		{4FE472A0-B7DA-4989-A684-06C35CB73880}.Debug|Any CPU.ActiveCfg = Debug|Any CPU
		{4FE472A0-B7DA-4989-A684-06C35CB73880}.Debug|Any CPU.Build.0 = Debug|Any CPU
		{4FE472A0-B7DA-4989-A684-06C35CB73880}.Release|Any CPU.ActiveCfg = Release|Any CPU
		{4FE472A0-B7DA-4989-A684-06C35CB73880}.Release|Any CPU.Build.0 = Release|Any CPU
		{970E99A1-4276-41D1-B3A7-468A1E818ACC}.Debug|Any CPU.ActiveCfg = Debug|Any CPU
		{970E99A1-4276-41D1-B3A7-468A1E818ACC}.Debug|Any CPU.Build.0 = Debug|Any CPU
		{970E99A1-4276-41D1-B3A7-468A1E818ACC}.Release|Any CPU.ActiveCfg = Release|Any CPU
		{970E99A1-4276-41D1-B3A7-468A1E818ACC}.Release|Any CPU.Build.0 = Release|Any CPU
		{A97CBDFA-E505-4112-8D33-C1C35C243E28}.Debug|Any CPU.ActiveCfg = Debug|Any CPU
		{A97CBDFA-E505-4112-8D33-C1C35C243E28}.Debug|Any CPU.Build.0 = Debug|Any CPU
		{A97CBDFA-E505-4112-8D33-C1C35C243E28}.Release|Any CPU.ActiveCfg = Release|Any CPU
		{A97CBDFA-E505-4112-8D33-C1C35C243E28}.Release|Any CPU.Build.0 = Release|Any CPU
		{066D87AF-F849-479A-A6EB-E90E186B2AB8}.Debug|Any CPU.ActiveCfg = Debug|Any CPU
		{066D87AF-F849-479A-A6EB-E90E186B2AB8}.Debug|Any CPU.Build.0 = Debug|Any CPU
		{066D87AF-F849-479A-A6EB-E90E186B2AB8}.Release|Any CPU.ActiveCfg = Release|Any CPU
		{066D87AF-F849-479A-A6EB-E90E186B2AB8}.Release|Any CPU.Build.0 = Release|Any CPU
		{F5A6FDD8-E802-4A71-B403-F3A061BFC263}.Debug|Any CPU.ActiveCfg = Debug|Any CPU
		{F5A6FDD8-E802-4A71-B403-F3A061BFC263}.Debug|Any CPU.Build.0 = Debug|Any CPU
		{F5A6FDD8-E802-4A71-B403-F3A061BFC263}.Release|Any CPU.ActiveCfg = Release|Any CPU
		{F5A6FDD8-E802-4A71-B403-F3A061BFC263}.Release|Any CPU.Build.0 = Release|Any CPU
		{2CD19379-C9C9-47F9-99E8-E4F76601220C}.Debug|Any CPU.ActiveCfg = Debug|Any CPU
		{2CD19379-C9C9-47F9-99E8-E4F76601220C}.Debug|Any CPU.Build.0 = Debug|Any CPU
		{2CD19379-C9C9-47F9-99E8-E4F76601220C}.Release|Any CPU.ActiveCfg = Release|Any CPU
		{2CD19379-C9C9-47F9-99E8-E4F76601220C}.Release|Any CPU.Build.0 = Release|Any CPU
		{6EB2D1CA-1464-4086-8C4F-97FCCBFF0ED3}.Debug|Any CPU.ActiveCfg = Debug|Any CPU
		{6EB2D1CA-1464-4086-8C4F-97FCCBFF0ED3}.Debug|Any CPU.Build.0 = Debug|Any CPU
		{6EB2D1CA-1464-4086-8C4F-97FCCBFF0ED3}.Release|Any CPU.ActiveCfg = Release|Any CPU
		{6EB2D1CA-1464-4086-8C4F-97FCCBFF0ED3}.Release|Any CPU.Build.0 = Release|Any CPU
		{09002A0B-1BC6-49E2-B96F-8FFC2C7A2B4A}.Debug|Any CPU.ActiveCfg = Debug|Any CPU
		{09002A0B-1BC6-49E2-B96F-8FFC2C7A2B4A}.Debug|Any CPU.Build.0 = Debug|Any CPU
		{09002A0B-1BC6-49E2-B96F-8FFC2C7A2B4A}.Release|Any CPU.ActiveCfg = Release|Any CPU
		{09002A0B-1BC6-49E2-B96F-8FFC2C7A2B4A}.Release|Any CPU.Build.0 = Release|Any CPU
	EndGlobalSection
	GlobalSection(SolutionProperties) = preSolution
		HideSolutionNode = FALSE
	EndGlobalSection
	GlobalSection(NestedProjects) = preSolution
		{A97CBDFA-E505-4112-8D33-C1C35C243E28} = {047BB74E-4167-4AA1-A9B3-51EAF4DA4911}
		{066D87AF-F849-479A-A6EB-E90E186B2AB8} = {F7C8DB15-E871-42FC-AC48-359ACB1BFB9B}
		{2CD19379-C9C9-47F9-99E8-E4F76601220C} = {047BB74E-4167-4AA1-A9B3-51EAF4DA4911}
		{6EB2D1CA-1464-4086-8C4F-97FCCBFF0ED3} = {F7C8DB15-E871-42FC-AC48-359ACB1BFB9B}
		{F7C8DB15-E871-42FC-AC48-359ACB1BFB9B} = {047BB74E-4167-4AA1-A9B3-51EAF4DA4911}
	EndGlobalSection
	GlobalSection(ExtensibilityGlobals) = postSolution
		SolutionGuid = {9753D9C4-D58F-4A20-B23B-C41C86E74DF3}
	EndGlobalSection
	GlobalSection(Performance) = preSolution
		HasPerformanceSessions = true
	EndGlobalSection
EndGlobal
